# Frozen reproducible requirements lock for matclaw-cips-gpu
# All packages carry sha256 hashes.
Markdown==3.10.3 \\
    --hash=sha256:c4ffd740c3cc8e5aaacf9c66703febd7df7d66796219e7ab9fcec9551db839fe
MarkupSafe==3.0.3 \\
    --hash=sha256:f3153c0f38cea0d1263554c3ab75929af7149775f479a577dbdaf6e3bbda8783
PyYAML==6.0.3 \\
    --hash=sha256:82a6c103c3dcd5c228791ec232065c84eb7c632de32c9263a82132d060330574
Pygments==2.20.0 \\
    --hash=sha256:3d39bc60fd3cc4afda0b0474ad36ac549a0571c89a6741d4f929d11c4170b131
Werkzeug==3.1.8 \\
    --hash=sha256:652aa00380e552a2e05dfb637da4780f337c9b0e3415e1b49226cb702ad57388
absl-py==2.5.0 \\
    --hash=sha256:d28f111244d75e92c5ca32fd702cd79fa9b6d3cb887d5b292b95b8d2f17c85e7
ase==3.26.0 \\
    --hash=sha256:497cdf59c0c32e06f2500e6c651a41b3843c8b79bbc88b10edab601de70268d1
astunparse==1.6.3 \\
    --hash=sha256:fe95b967bf6c386812e332606226009be57b6ee40dbeb2e5252d8e28d25a8ffe
bracex==3.0.1 \\
    --hash=sha256:0aecc06c53a1bc58a148831c6eb06dfb72f6393fd7316735cb18d9bf280d1f5c
certifi==2026.7.22 \\
    --hash=sha256:c0acc85e652df5eda8c9f3ed08c61249d46fa8433d9e4999829217d6d84e7b46
charset-normalizer==3.4.9 \\
    --hash=sha256:45011c4a6aec79523bc4957cf35d348fca1eb751e58cd32e3719e142f2b65809
contourpy==1.3.3 \\
    --hash=sha256:2466982b9f346085003fe404efa7d8e9e150cbfd3e3e6c3b70136fe9ce2f9401
cycler==0.12.1 \\
    --hash=sha256:c087bec6309bb1c0219b05cddc73d9554a8abe3157472e4db79fa19fa1efbc82
dargs==0.5.0.post0 \\
    --hash=sha256:ff5fd9dfc22493c04da13b946faed85f2fbfd7fc04180b01c19b031191ce0ec8
deepmd-kit==2.2.11 \\
    --hash=sha256:a233daacebaff15fa2519818bef1360d1e88115815b6e732caf613cf613f8bee
flatbuffers==25.12.19 \\
    --hash=sha256:1f65027645305572b9d9927f1ccc6b116aec5801840ecb37597601a8926a202a
fonttools==4.63.0 \\
    --hash=sha256:c3b7927899936935ebe2ef1c5e23bee6b9667d00fdc6c828175877482b2bc014
gast==0.7.0 \\
    --hash=sha256:de577ab1cfac2ba453b0dbf9e4414d6c4cbd81670784ff362fc4d66b8cefe6e7
google-pasta==0.2.0 \\
    --hash=sha256:b7db76f58e3493f56628519603d110305f5e8391b43b51de5ef2ff406c26293f
grpcio==1.83.0 \\
    --hash=sha256:cf69c669c4abc8a5fd8fb9741f3d699a853c47c48d0d86e94e059e48f2847cd4
h5py==3.16.0 \\
    --hash=sha256:b2fbff655f3276b3ddfb434393423385dde84d84fa27b6b441d9fc47923cfee1
idna==3.18 \\
    --hash=sha256:e09934f98f0383e0ebc08de4b043820f5a60d7b41ff9bfdd9b6ef6a28951aca2
keras==3.15.1 \\
    --hash=sha256:71f74b3bad814d3d8d11172dc23a5b3b014636bbe067646133c3899918914318
kiwisolver==1.5.0 \\
    --hash=sha256:648f42ff0182959a77cf5d4d270a25497383f1de13b55cd939ec1eee0dabf089
libclang==18.1.1 \\
    --hash=sha256:0979da07b0b6518f73b7a7a3be52392b9ef2cfaf151db925b00dae623efeb1c7
markdown-it-py==4.2.0 \\
    --hash=sha256:a60d637f49630aac2f397e68b8cc003e5796bea97e134cfcf59015db56c28284
matplotlib==3.11.1 \\
    --hash=sha256:e7374d1058a78f0e121824e9a0c5a281bcbfcfb1ea39fb69d81b419b38f54d73
mdurl==0.1.2 \\
    --hash=sha256:6aef9610d9fad0e035614e74dde4c476fa6c6b981b239a3d6ed1699c12262a40
ml-dtypes==0.3.2 \\
    --hash=sha256:c5cca01387713a378ec01e671be9a2e2879b4fc7f4534a6838712e7eee8d0574
namex==0.1.0 \\
    --hash=sha256:aa05677392c633d12bbb924b4f791052210b6165962ec5ac917185e21755520d
numpy==1.26.4 \\
    --hash=sha256:f104d861e2124ebd1b93995d994570ce6900e3bb93129b241792b24b9135922a
opt_einsum==3.4.0 \\
    --hash=sha256:7b08c28f3c764dcfec3ef0ac85d3e9c60e674bce042ca2862c42b0cfa3112ef6
optree==0.19.1 \\
    --hash=sha256:ef46e696e9ba200757706679fea0f844d8434ea52ea0d73069ee8418e31a6522
packaging==26.3 \\
    --hash=sha256:cef3977db9725f3d3fce52d5204e8bdb94d3acae9de94f7030de87835bb6c7f4
pillow==12.3.0 \\
    --hash=sha256:b3389d9bee90f8cdf8bd5505bd4ceaa06c32efeeaa941dd4778b1c4080b3e519
protobuf==4.25.9 \\
    --hash=sha256:abb3c5124fe0ad53bb9dd8f08b138318d46f83cf63237fdfbf423248c978624a
pyparsing==3.3.2 \\
    --hash=sha256:99332511ba7d9ab5f34da41789ebdd14f498c80c5194f70c125ad7c8855f8dff
python-dateutil==2.9.0.post0 \\
    --hash=sha256:99e8d4cf8962282b1a7af5835808b5ff47995748cd64a3d1f25ddab132879b94
python_hostlist==2.3.0 \\
    --hash=sha256:36f5724e109ce07895fe2776052e1d394f8e4f88d2d72427ab62814dc0777a1c
requests==2.34.2 \\
    --hash=sha256:d5ae28b691b11c09512226ca86d2a854f667fbda5d946dbe6fbaef9296bb7c87
rich==15.0.0 \\
    --hash=sha256:f953d12d381698d0029748a199a171f428a6286531f9829603614d5cc0741250
scipy==1.17.1 \\
    --hash=sha256:06aecdd9ccba10c6e7a7b9ff3b764d72fac706ea2fdaafb8f90ad41ef108f921
setuptools==84.0.0 \\
    --hash=sha256:c19d33c46e565e9a9893d1fdfe1df408a3a588b0c5fbff149772bf1bdad1fbf9
six==1.17.0 \\
    --hash=sha256:9fe2c4ee01741efca276604ece124b93db6d7d19e2ac6b6c57a4fc57de715a0a
tensorboard-data-server==0.7.2 \\
    --hash=sha256:6d0ea0efde3314f653938d727fc2f7fd1a888fc5b302170da0c44c650e3487d2
tensorboard==2.16.2 \\
    --hash=sha256:a96e2af5d8a5e22de9c71ca2e12b89f3d9548d5c786f3ef1b96934aa7d9084d1
tensorflow-io-gcs-filesystem==0.37.1 \\
    --hash=sha256:dae964db1c926d2154b41afb99e8266d74fc20869ff5251de207911b18f063c3
tensorflow==2.16.2 \\
    --hash=sha256:f2517f6d2fcd42a63a4577d32cf7837ddddda84b782451adeb11ebcdf1e846f3
termcolor==3.3.0 \\
    --hash=sha256:52580733ba0c14f443c39ae3451b38d44b974f04f7bc66749a54fffb0e6b4164
typeguard==4.6.0 \\
    --hash=sha256:b8fd3dfefa7dddaa80324008f0487c598c5b71d452a32c1697af9edb1fc72960
typing_extensions==4.16.0 \\
    --hash=sha256:dbcd2f7a9109be5ed53a568955c7c2bac66a64c8adf916be6cf3cdfcd4b7caa7
urllib3==2.7.0 \\
    --hash=sha256:c8c55d1106ff24fcc36693b1338ce184fcb592bc53a1b51d4aba19fef11dc16e
wcmatch==11.0 \\
    --hash=sha256:87e8760a7047e9f7fa7270cc118e85322061341c9d32094be35dd497656db0ca
wheel==0.47.0 \\
    --hash=sha256:959dd5fa56d13484e98c5e04ee8b74b0f57252d6757b8ecc1b3962d245b3c92c
wrapt==2.3.0 \\
    --hash=sha256:7ba82d71739923108b9c581266107ef391d60dc3cd6ef4af6e36a33c01bf45a3
